
Microsoft Visual Studio Solution File, Format Version 12.00
# Visual Studio Version 16
VisualStudioVersion = 16.0.30611.23
MinimumVisualStudioVersion = 10.0.40219.1
Project("{FAE04EC0-301F-11D3-BF4B-00C04F79EFBC}") = "TicTacToe", "TicTacToe\TicTacToe.csproj", "{12DCF255-991C-4D38-9A08-211EB45A2F39}"
EndProject
Global
	GlobalSection(SolutionConfigurationPlatforms) = preSolution
		Debug|Any CPU = Debug|Any CPU
		Release|Any CPU = Release|Any CPU
	EndGlobalSection
	GlobalSection(ProjectConfigurationPlatforms) = postSolution
		{12DCF255-991C-4D38-9A08-211EB45A2F39}.Debug|Any CPU.ActiveCfg = Debug|Any CPU
		{12DCF255-991C-4D38-9A08-211EB45A2F39}.Debug|Any CPU.Build.0 = Debug|Any CPU
		{12DCF255-991C-4D38-9A08-211EB45A2F39}.Release|Any CPU.ActiveCfg = Release|Any CPU
		{12DCF255-991C-4D38-9A08-211EB45A2F39}.Release|Any CPU.Build.0 = Release|Any CPU
	EndGlobalSection
	GlobalSection(SolutionProperties) = preSolution
		HideSolutionNode = FALSE
	EndGlobalSection
	GlobalSection(ExtensibilityGlobals) = postSolution
		SolutionGuid = {326F1F50-C078-4D57-92D0-F14865745951}
	EndGlobalSection
EndGlobal
